{
  "name": "@sample-express-app/common",
  "version": "1.0.0",
  "lockfileVersion": 2,
  "requires": true,
  "packages": {
    "": {
      "name": "@sample-express-app/common",
      "version": "1.0.0",
      "license": "ISC",
      "dependencies": {
        "@express-typed-api/common": "file:projects/@express-typed-api/common"
      }
    },
    "node_modules/@express-typed-api/common": {
      "resolved": "projects/@express-typed-api/common",
      "link": true
    },
    "projects/@express-typed-api/common": {}
  },
  "dependencies": {
    "@express-typed-api/common": {
      "version": "file:projects/@express-typed-api/common"
    }
  }
}
